// !$*UTF8*$!
{
	archiveVersion = 1;
	classes = {
	};
	objectVersion = 50;
	objects = {

/* Begin PBXBuildFile section */
		43B524CF244626020012684B /* AppDelegate.swift in Sources */ = {isa = PBXBuildFile; fileRef = 43B524CE244626020012684B /* AppDelegate.swift */; };
		43B524D1244626020012684B /* SceneDelegate.swift in Sources */ = {isa = PBXBuildFile; fileRef = 43B524D0244626020012684B /* SceneDelegate.swift */; };
		43B524D3244626020012684B /* ContentView.swift in Sources */ = {isa = PBXBuildFile; fileRef = 43B524D2244626020012684B /* ContentView.swift */; };
		43B524D5244626040012684B /* Assets.xcassets in Resources */ = {isa = PBXBuildFile; fileRef = 43B524D4244626040012684B /* Assets.xcassets */; };
		43B524D8244626040012684B /* Preview Assets.xcassets in Resources */ = {isa = PBXBuildFile; fileRef = 43B524D7244626040012684B /* Preview Assets.xcassets */; };
		43B524DB244626040012684B /* LaunchScreen.storyboard in Resources */ = {isa = PBXBuildFile; fileRef = 43B524D9244626040012684B /* LaunchScreen.storyboard */; };
		43B524E6244626040012684B /* GreenhouseTests.swift in Sources */ = {isa = PBXBuildFile; fileRef = 43B524E5244626040012684B /* GreenhouseTests.swift */; };
/* End PBXBuildFile section */

/* Begin PBXContainerItemProxy section */
		43B524E2244626040012684B /* PBXContainerItemProxy */ = {
			isa = PBXContainerItemProxy;
			containerPortal = 43B524C3244626020012684B /* Project object */;
			proxyType = 1;
			remoteGlobalIDString = 43B524CA244626020012684B;
			remoteInfo = Greenhouse;
		};
/* End PBXContainerItemProxy section */

/* Begin PBXFileReference section */
		43B524CB244626020012684B /* Greenhouse.app */ = {isa = PBXFileReference; explicitFileType = wrapper.application; includeInIndex = 0; path = Greenhouse.app; sourceTree = BUILT_PRODUCTS_DIR; };
		43B524CE244626020012684B /* AppDelegate.swift */ = {isa = PBXFileReference; lastKnownFileType = sourcecode.swift; path = AppDelegate.swift; sourceTree = "<group>"; };
		43B524D0244626020012684B /* SceneDelegate.swift */ = {isa = PBXFileReference; lastKnownFileType = sourcecode.swift; path = SceneDelegate.swift; sourceTree = "<group>"; };
		43B524D2244626020012684B /* ContentView.swift */ = {isa = PBXFileReference; lastKnownFileType = sourcecode.swift; path = ContentView.swift; sourceTree = "<group>"; };
		43B524D4244626040012684B /* Assets.xcassets */ = {isa = PBXFileReference; lastKnownFileType = folder.assetcatalog; path = Assets.xcassets; sourceTree = "<group>"; };
		43B524D7244626040012684B /* Preview Assets.xcassets */ = {isa = PBXFileReference; lastKnownFileType = folder.assetcatalog; path = "Preview Assets.xcassets"; sourceTree = "<group>"; };
		43B524DA244626040012684B /* Base */ = {isa = PBXFileReference; lastKnownFileType = file.storyboard; name = Base; path = Base.lproj/LaunchScreen.storyboard; sourceTree = "<group>"; };
		43B524DC244626040012684B /* Info.plist */ = {isa = PBXFileReference; lastKnownFileType = text.plist.xml; path = Info.plist; sourceTree = "<group>"; };
		43B524E1244626040012684B /* GreenhouseTests.xctest */ = {isa = PBXFileReference; explicitFileType = wrapper.cfbundle; includeInIndex = 0; path = GreenhouseTests.xctest; sourceTree = BUILT_PRODUCTS_DIR; };
		43B524E5244626040012684B /* GreenhouseTests.swift */ = {isa = PBXFileReference; lastKnownFileType = sourcecode.swift; path = GreenhouseTests.swift; sourceTree = "<group>"; };
		43B524E7244626040012684B /* Info.plist */ = {isa = PBXFileReference; lastKnownFileType = text.plist.xml; path = Info.plist; sourceTree = "<group>"; };
/* End PBXFileReference section */

/* Begin PBXFrameworksBuildPhase section */
		43B524C8244626020012684B /* Frameworks */ = {
			isa = PBXFrameworksBuildPhase;
			buildActionMask = 2147483647;
			files = (
			);
			runOnlyForDeploymentPostprocessing = 0;
		};
		43B524DE244626040012684B /* Frameworks */ = {
			isa = PBXFrameworksBuildPhase;
			buildActionMask = 2147483647;
			files = (
			);
			runOnlyForDeploymentPostprocessing = 0;
		};
/* End PBXFrameworksBuildPhase section */

/* Begin PBXGroup section */
		43B524C2244626020012684B = {
			isa = PBXGroup;
			children = (
				43B524CD244626020012684B /* Greenhouse */,
				43B524E4244626040012684B /* GreenhouseTests */,
				43B524CC244626020012684B /* Products */,
			);
			sourceTree = "<group>";
		};
		43B524CC244626020012684B /* Products */ = {
			isa = PBXGroup;
			children = (
				43B524CB244626020012684B /* Greenhouse.app */,
				43B524E1244626040012684B /* GreenhouseTests.xctest */,
			);
			name = Products;
			sourceTree = "<group>";
		};
		43B524CD244626020012684B /* Greenhouse */ = {
			isa = PBXGroup;
			children = (
				43B524CE244626020012684B /* AppDelegate.swift */,
				43B524D0244626020012684B /* SceneDelegate.swift */,
				43B524D2244626020012684B /* ContentView.swift */,
				43B524D4244626040012684B /* Assets.xcassets */,
				43B524D9244626040012684B /* LaunchScreen.storyboard */,
				43B524DC244626040012684B /* Info.plist */,
				43B524D6244626040012684B /* Preview Content */,
			);
			path = Greenhouse;
			sourceTree = "<group>";
		};
		43B524D6244626040012684B /* Preview Content */ = {
			isa = PBXGroup;
			children = (
				43B524D7244626040012684B /* Preview Assets.xcassets */,
			);
			path = "Preview Content";
			sourceTree = "<group>";
		};
		43B524E4244626040012684B /* GreenhouseTests */ = {
			isa = PBXGroup;
			children = (
				43B524E5244626040012684B /* GreenhouseTests.swift */,
				43B524E7244626040012684B /* Info.plist */,
			);
			path = GreenhouseTests;
			sourceTree = "<group>";
		};
/* End PBXGroup section */

/* Begin PBXNativeTarget section */
		43B524CA244626020012684B /* Greenhouse */ = {
			isa = PBXNativeTarget;
			buildConfigurationList = 43B524EA244626040012684B /* Build configuration list for PBXNativeTarget "Greenhouse" */;
			buildPhases = (
				43B524C7244626020012684B /* Sources */,
				43B524C8244626020012684B /* Frameworks */,
				43B524C9244626020012684B /* Resources */,
			);
			buildRules = (
			);
			dependencies = (
			);
			name = Greenhouse;
			productName = Greenhouse;
			productReference = 43B524CB244626020012684B /* Greenhouse.app */;
			productType = "com.apple.product-type.application";
		};
		43B524E0244626040012684B /* GreenhouseTests */ = {
			isa = PBXNativeTarget;
			buildConfigurationList = 43B524ED244626040012684B /* Build configuration list for PBXNativeTarget "GreenhouseTests" */;
			buildPhases = (
				43B524DD244626040012684B /* Sources */,
				43B524DE244626040012684B /* Frameworks */,
				43B524DF244626040012684B /* Resources */,
			);
			buildRules = (
			);
			dependencies = (
				43B524E3244626040012684B /* PBXTargetDependency */,
			);
			name = GreenhouseTests;
			productName = GreenhouseTests;
			productReference = 43B524E1244626040012684B /* GreenhouseTests.xctest */;
			productType = "com.apple.product-type.bundle.unit-test";
		};
/* End PBXNativeTarget section */

/* Begin PBXProject section */
		43B524C3244626020012684B /* Project object */ = {
			isa = PBXProject;
			attributes = {
				LastSwiftUpdateCheck = 1140;
				LastUpgradeCheck = 1140;
				ORGANIZATIONNAME = "Isabel Briant";
				TargetAttributes = {
					43B524CA244626020012684B = {
						CreatedOnToolsVersion = 11.4;
					};
					43B524E0244626040012684B = {
						CreatedOnToolsVersion = 11.4;
						TestTargetID = 43B524CA244626020012684B;
					};
				};
			};
			buildConfigurationList = 43B524C6244626020012684B /* Build configuration list for PBXProject "Greenhouse" */;
			compatibilityVersion = "Xcode 9.3";
			developmentRegion = en;
			hasScannedForEncodings = 0;
			knownRegions = (
				en,
				Base,
			);
			mainGroup = 43B524C2244626020012684B;
			productRefGroup = 43B524CC244626020012684B /* Products */;
			projectDirPath = "";
			projectRoot = "";
			targets = (
				43B524CA244626020012684B /* Greenhouse */,
				43B524E0244626040012684B /* GreenhouseTests */,
			);
		};
/* End PBXProject section */

/* Begin PBXResourcesBuildPhase section */
		43B524C9244626020012684B /* Resources */ = {
			isa = PBXResourcesBuildPhase;
			buildActionMask = 2147483647;
			files = (
				43B524DB244626040012684B /* LaunchScreen.storyboard in Resources */,
				43B524D8244626040012684B /* Preview Assets.xcassets in Resources */,
				43B524D5244626040012684B /* Assets.xcassets in Resources */,
			);
			runOnlyForDeploymentPostprocessing = 0;
		};
		43B524DF244626040012684B /* Resources */ = {
			isa = PBXResourcesBuildPhase;
			buildActionMask = 2147483647;
			files = (
			);
			runOnlyForDeploymentPostprocessing = 0;
		};
/* End PBXResourcesBuildPhase section */

/* Begin PBXSourcesBuildPhase section */
		43B524C7244626020012684B /* Sources */ = {
			isa = PBXSourcesBuildPhase;
			buildActionMask = 2147483647;
			files = (
				43B524CF244626020012684B /* AppDelegate.swift in Sources */,
				43B524D1244626020012684B /* SceneDelegate.swift in Sources */,
				43B524D3244626020012684B /* ContentView.swift in Sources */,
			);
			runOnlyForDeploymentPostprocessing = 0;
		};
		43B524DD244626040012684B /* Sources */ = {
			isa = PBXSourcesBuildPhase;
			buildActionMask = 2147483647;
			files = (
				43B524E6244626040012684B /* GreenhouseTests.swift in Sources */,
			);
			runOnlyForDeploymentPostprocessing = 0;
		};
/* End PBXSourcesBuildPhase section */

/* Begin PBXTargetDependency section */
		43B524E3244626040012684B /* PBXTargetDependency */ = {
			isa = PBXTargetDependency;
			target = 43B524CA244626020012684B /* Greenhouse */;
			targetProxy = 43B524E2244626040012684B /* PBXContainerItemProxy */;
		};
/* End PBXTargetDependency section */

/* Begin PBXVariantGroup section */
		43B524D9244626040012684B /* LaunchScreen.storyboard */ = {
			isa = PBXVariantGroup;
			children = (
				43B524DA244626040012684B /* Base */,
			);
			name = LaunchScreen.storyboard;
			sourceTree = "<group>";
		};
/* End PBXVariantGroup section */

/* Begin XCBuildConfiguration section */
		43B524E8244626040012684B /* Debug */ = {
			isa = XCBuildConfiguration;
			buildSettings = {
				ALWAYS_SEARCH_USER_PATHS = NO;
				CLANG_ANALYZER_NONNULL = YES;
				CLANG_ANALYZER_NUMBER_OBJECT_CONVERSION = YES_AGGRESSIVE;
				CLANG_CXX_LANGUAGE_STANDARD = "gnu++14";
				CLANG_CXX_LIBRARY = "libc++";
				CLANG_ENABLE_MODULES = YES;
				CLANG_ENABLE_OBJC_ARC = YES;
				CLANG_ENABLE_OBJC_WEAK = YES;
				CLANG_WARN_BLOCK_CAPTURE_AUTORELEASING = YES;
				CLANG_WARN_BOOL_CONVERSION = YES;
				CLANG_WARN_COMMA = YES;
				CLANG_WARN_CONSTANT_CONVERSION = YES;
				CLANG_WARN_DEPRECATED_OBJC_IMPLEMENTATIONS = YES;
				CLANG_WARN_DIRECT_OBJC_ISA_USAGE = YES_ERROR;
				CLANG_WARN_DOCUMENTATION_COMMENTS = YES;
				CLANG_WARN_EMPTY_BODY = YES;
				CLANG_WARN_ENUM_CONVERSION = YES;
				CLANG_WARN_INFINITE_RECURSION = YES;
				CLANG_WARN_INT_CONVERSION = YES;
				CLANG_WARN_NON_LITERAL_NULL_CONVERSION = YES;
				CLANG_WARN_OBJC_IMPLICIT_RETAIN_SELF = YES;
				CLANG_WARN_OBJC_LITERAL_CONVERSION = YES;
				CLANG_WARN_OBJC_ROOT_CLASS = YES_ERROR;
				CLANG_WARN_RANGE_LOOP_ANALYSIS = YES;
				CLANG_WARN_STRICT_PROTOTYPES = YES;
				CLANG_WARN_SUSPICIOUS_MOVE = YES;
				CLANG_WARN_UNGUARDED_AVAILABILITY = YES_AGGRESSIVE;
				CLANG_WARN_UNREACHABLE_CODE = YES;
				CLANG_WARN__DUPLICATE_METHOD_MATCH = YES;
				COPY_PHASE_STRIP = NO;
				DEBUG_INFORMATION_FORMAT = dwarf;
				ENABLE_STRICT_OBJC_MSGSEND = YES;
				ENABLE_TESTABILITY = YES;
				GCC_C_LANGUAGE_STANDARD = gnu11;
				GCC_DYNAMIC_NO_PIC = NO;
				GCC_NO_COMMON_BLOCKS = YES;
				GCC_OPTIMIZATION_LEVEL = 0;
				GCC_PREPROCESSOR_DEFINITIONS = (
					"DEBUG=1",
					"$(inherited)",
				);
				GCC_WARN_64_TO_32_BIT_CONVERSION = YES;
				GCC_WARN_ABOUT_RETURN_TYPE = YES_ERROR;
				GCC_WARN_UNDECLARED_SELECTOR = YES;
				GCC_WARN_UNINITIALIZED_AUTOS = YES_AGGRESSIVE;
				GCC_WARN_UNUSED_FUNCTION = YES;
				GCC_WARN_UNUSED_VARIABLE = YES;
				IPHONEOS_DEPLOYMENT_TARGET = 13.4;
				MTL_ENABLE_DEBUG_INFO = INCLUDE_SOURCE;
				MTL_FAST_MATH = YES;
				ONLY_ACTIVE_ARCH = YES;
				SDKROOT = iphoneos;
				SWIFT_ACTIVE_COMPILATION_CONDITIONS = DEBUG;
				SWIFT_OPTIMIZATION_LEVEL = "-Onone";
			};
			name = Debug;
		};
		43B524E9244626040012684B /* Release */ = {
			isa = XCBuildConfiguration;
			buildSettings = {
				ALWAYS_SEARCH_USER_PATHS = NO;
				CLANG_ANALYZER_NONNULL = YES;
				CLANG_ANALYZER_NUMBER_OBJECT_CONVERSION = YES_AGGRESSIVE;
				CLANG_CXX_LANGUAGE_STANDARD = "gnu++14";
				CLANG_CXX_LIBRARY = "libc++";
				CLANG_ENABLE_MODULES = YES;
				CLANG_ENABLE_OBJC_ARC = YES;
				CLANG_ENABLE_OBJC_WEAK = YES;
				CLANG_WARN_BLOCK_CAPTURE_AUTORELEASING = YES;
				CLANG_WARN_BOOL_CONVERSION = YES;
				CLANG_WARN_COMMA = YES;
				CLANG_WARN_CONSTANT_CONVERSION = YES;
				CLANG_WARN_DEPRECATED_OBJC_IMPLEMENTATIONS = YES;
				CLANG_WARN_DIRECT_OBJC_ISA_USAGE = YES_ERROR;
				CLANG_WARN_DOCUMENTATION_COMMENTS = YES;
				CLANG_WARN_EMPTY_BODY = YES;
				CLANG_WARN_ENUM_CONVERSION = YES;
				CLANG_WARN_INFINITE_RECURSION = YES;
				CLANG_WARN_INT_CONVERSION = YES;
				CLANG_WARN_NON_LITERAL_NULL_CONVERSION = YES;
				CLANG_WARN_OBJC_IMPLICIT_RETAIN_SELF = YES;
				CLANG_WARN_OBJC_LITERAL_CONVERSION = YES;
				CLANG_WARN_OBJC_ROOT_CLASS = YES_ERROR;
				CLANG_WARN_RANGE_LOOP_ANALYSIS = YES;
				CLANG_WARN_STRICT_PROTOTYPES = YES;
				CLANG_WARN_SUSPICIOUS_MOVE = YES;
				CLANG_WARN_UNGUARDED_AVAILABILITY = YES_AGGRESSIVE;
				CLANG_WARN_UNREACHABLE_CODE = YES;
				CLANG_WARN__DUPLICATE_METHOD_MATCH = YES;
				COPY_PHASE_STRIP = NO;
				DEBUG_INFORMATION_FORMAT = "dwarf-with-dsym";
				ENABLE_NS_ASSERTIONS = NO;
				ENABLE_STRICT_OBJC_MSGSEND = YES;
				GCC_C_LANGUAGE_STANDARD = gnu11;
				GCC_NO_COMMON_BLOCKS = YES;
				GCC_WARN_64_TO_32_BIT_CONVERSION = YES;
				GCC_WARN_ABOUT_RETURN_TYPE = YES_ERROR;
				GCC_WARN_UNDECLARED_SELECTOR = YES;
				GCC_WARN_UNINITIALIZED_AUTOS = YES_AGGRESSIVE;
				GCC_WARN_UNUSED_FUNCTION = YES;
				GCC_WARN_UNUSED_VARIABLE = YES;
				IPHONEOS_DEPLOYMENT_TARGET = 13.4;
				MTL_ENABLE_DEBUG_INFO = NO;
				MTL_FAST_MATH = YES;
				SDKROOT = iphoneos;
				SWIFT_COMPILATION_MODE = wholemodule;
				SWIFT_OPTIMIZATION_LEVEL = "-O";
				VALIDATE_PRODUCT = YES;
			};
			name = Release;
		};
		43B524EB244626040012684B /* Debug */ = {
			isa = XCBuildConfiguration;
			buildSettings = {
				ASSETCATALOG_COMPILER_APPICON_NAME = AppIcon;
				CODE_SIGN_STYLE = Automatic;
				DEVELOPMENT_ASSET_PATHS = "\"Greenhouse/Preview Content\"";
				DEVELOPMENT_TEAM = 78ZTGHX497;
				ENABLE_PREVIEWS = YES;
				INFOPLIST_FILE = Greenhouse/Info.plist;
				LD_RUNPATH_SEARCH_PATHS = (
					"$(inherited)",
					"@executable_path/Frameworks",
				);
				PRODUCT_BUNDLE_IDENTIFIER = com.ib.Greenhouse;
				PRODUCT_NAME = "$(TARGET_NAME)";
				SWIFT_VERSION = 5.0;
				TARGETED_DEVICE_FAMILY = "1,2";
			};
			name = Debug;
		};
		43B524EC244626040012684B /* Release */ = {
			isa = XCBuildConfiguration;
			buildSettings = {
				ASSETCATALOG_COMPILER_APPICON_NAME = AppIcon;
				CODE_SIGN_STYLE = Automatic;
				DEVELOPMENT_ASSET_PATHS = "\"Greenhouse/Preview Content\"";
				DEVELOPMENT_TEAM = 78ZTGHX497;
				ENABLE_PREVIEWS = YES;
				INFOPLIST_FILE = Greenhouse/Info.plist;
				LD_RUNPATH_SEARCH_PATHS = (
					"$(inherited)",
					"@executable_path/Frameworks",
				);
				PRODUCT_BUNDLE_IDENTIFIER = com.ib.Greenhouse;
				PRODUCT_NAME = "$(TARGET_NAME)";
				SWIFT_VERSION = 5.0;
				TARGETED_DEVICE_FAMILY = "1,2";
			};
			name = Release;
		};
		43B524EE244626040012684B /* Debug */ = {
			isa = XCBuildConfiguration;
			buildSettings = {
				ALWAYS_EMBED_SWIFT_STANDARD_LIBRARIES = YES;
				BUNDLE_LOADER = "$(TEST_HOST)";
				CODE_SIGN_STYLE = Automatic;
				DEVELOPMENT_TEAM = 78ZTGHX497;
				INFOPLIST_FILE = GreenhouseTests/Info.plist;
				IPHONEOS_DEPLOYMENT_TARGET = 13.4;
				LD_RUNPATH_SEARCH_PATHS = (
					"$(inherited)",
					"@executable_path/Frameworks",
					"@loader_path/Frameworks",
				);
				PRODUCT_BUNDLE_IDENTIFIER = com.ib.GreenhouseTests;
				PRODUCT_NAME = "$(TARGET_NAME)";
				SWIFT_VERSION = 5.0;
				TARGETED_DEVICE_FAMILY = "1,2";
				TEST_HOST = "$(BUILT_PRODUCTS_DIR)/Greenhouse.app/Greenhouse";
			};
			name = Debug;
		};
		43B524EF244626040012684B /* Release */ = {
			isa = XCBuildConfiguration;
			buildSettings = {
				ALWAYS_EMBED_SWIFT_STANDARD_LIBRARIES = YES;
				BUNDLE_LOADER = "$(TEST_HOST)";
				CODE_SIGN_STYLE = Automatic;
				DEVELOPMENT_TEAM = 78ZTGHX497;
				INFOPLIST_FILE = GreenhouseTests/Info.plist;
				IPHONEOS_DEPLOYMENT_TARGET = 13.4;
				LD_RUNPATH_SEARCH_PATHS = (
					"$(inherited)",
					"@executable_path/Frameworks",
					"@loader_path/Frameworks",
				);
				PRODUCT_BUNDLE_IDENTIFIER = com.ib.GreenhouseTests;
				PRODUCT_NAME = "$(TARGET_NAME)";
				SWIFT_VERSION = 5.0;
				TARGETED_DEVICE_FAMILY = "1,2";
				TEST_HOST = "$(BUILT_PRODUCTS_DIR)/Greenhouse.app/Greenhouse";
			};
			name = Release;
		};
/* End XCBuildConfiguration section */

/* Begin XCConfigurationList section */
		43B524C6244626020012684B /* Build configuration list for PBXProject "Greenhouse" */ = {
			isa = XCConfigurationList;
			buildConfigurations = (
				43B524E8244626040012684B /* Debug */,
				43B524E9244626040012684B /* Release */,
			);
			defaultConfigurationIsVisible = 0;
			defaultConfigurationName = Release;
		};
		43B524EA244626040012684B /* Build configuration list for PBXNativeTarget "Greenhouse" */ = {
			isa = XCConfigurationList;
			buildConfigurations = (
				43B524EB244626040012684B /* Debug */,
				43B524EC244626040012684B /* Release */,
			);
			defaultConfigurationIsVisible = 0;
			defaultConfigurationName = Release;
		};
		43B524ED244626040012684B /* Build configuration list for PBXNativeTarget "GreenhouseTests" */ = {
			isa = XCConfigurationList;
			buildConfigurations = (
				43B524EE244626040012684B /* Debug */,
				43B524EF244626040012684B /* Release */,
			);
			defaultConfigurationIsVisible = 0;
			defaultConfigurationName = Release;
		};
/* End XCConfigurationList section */
	};
	rootObject = 43B524C3244626020012684B /* Project object */;
}
